
Microsoft Visual Studio Solution File, Format Version 12.00
# Visual Studio Version 17
VisualStudioVersion = 17.4.33213.308
MinimumVisualStudioVersion = 10.0.40219.1
Project("{FAE04EC0-301F-11D3-BF4B-00C04F79EFBC}") = "02_ApiAutores", "02_ApiAutores\02_ApiAutores.csproj", "{F5D5FBCE-96D2-4D6A-949B-C5740D9DED27}"
EndProject
Global
	GlobalSection(SolutionConfigurationPlatforms) = preSolution
		Debug|Any CPU = Debug|Any CPU
		Release|Any CPU = Release|Any CPU
	EndGlobalSection
	GlobalSection(ProjectConfigurationPlatforms) = postSolution
		{F5D5FBCE-96D2-4D6A-949B-C5740D9DED27}.Debug|Any CPU.ActiveCfg = Debug|Any CPU
		{F5D5FBCE-96D2-4D6A-949B-C5740D9DED27}.Debug|Any CPU.Build.0 = Debug|Any CPU
		{F5D5FBCE-96D2-4D6A-949B-C5740D9DED27}.Release|Any CPU.ActiveCfg = Release|Any CPU
		{F5D5FBCE-96D2-4D6A-949B-C5740D9DED27}.Release|Any CPU.Build.0 = Release|Any CPU
	EndGlobalSection
	GlobalSection(SolutionProperties) = preSolution
		HideSolutionNode = FALSE
	EndGlobalSection
	GlobalSection(ExtensibilityGlobals) = postSolution
		SolutionGuid = {78DE454B-BBE9-4EA2-84BD-B8F06816AD54}
	EndGlobalSection
EndGlobal
