
Microsoft Visual Studio Solution File, Format Version 12.00
# Visual Studio Version 17
VisualStudioVersion = 17.4.33213.308
MinimumVisualStudioVersion = 10.0.40219.1
Project("{FAE04EC0-301F-11D3-BF4B-00C04F79EFBC}") = "PeliculasApi", "PeliculasApi\PeliculasApi.csproj", "{DB338D35-4AC5-44F8-9405-0505961EF65D}"
EndProject
Global
	GlobalSection(SolutionConfigurationPlatforms) = preSolution
		Debug|Any CPU = Debug|Any CPU
		Release|Any CPU = Release|Any CPU
	EndGlobalSection
	GlobalSection(ProjectConfigurationPlatforms) = postSolution
		{DB338D35-4AC5-44F8-9405-0505961EF65D}.Debug|Any CPU.ActiveCfg = Debug|Any CPU
		{DB338D35-4AC5-44F8-9405-0505961EF65D}.Debug|Any CPU.Build.0 = Debug|Any CPU
		{DB338D35-4AC5-44F8-9405-0505961EF65D}.Release|Any CPU.ActiveCfg = Release|Any CPU
		{DB338D35-4AC5-44F8-9405-0505961EF65D}.Release|Any CPU.Build.0 = Release|Any CPU
	EndGlobalSection
	GlobalSection(SolutionProperties) = preSolution
		HideSolutionNode = FALSE
	EndGlobalSection
	GlobalSection(ExtensibilityGlobals) = postSolution
		SolutionGuid = {638242E1-A14F-48DA-BD1F-950489F26E31}
	EndGlobalSection
EndGlobal
